
Microsoft Visual Studio Solution File, Format Version 12.00
# Visual Studio 14
VisualStudioVersion = 14.0.25123.0
MinimumVisualStudioVersion = 10.0.40219.1
Project("{FAE04EC0-301F-11D3-BF4B-00C04F79EFBC}") = "Proyecto Final", "Proyecto Final\Proyecto Final.csproj", "{EB09F17E-F159-4467-A419-F9B787CE8759}"
EndProject
Project("{FAE04EC0-301F-11D3-BF4B-00C04F79EFBC}") = "MonoGame", "MonoGame\MonoGame.csproj", "{34065C06-A5B8-4AC7-B924-34563538CFED}"
EndProject
Global
	GlobalSection(SolutionConfigurationPlatforms) = preSolution
		Debug|Any CPU = Debug|Any CPU
		Debug|x86 = Debug|x86
		Release|Any CPU = Release|Any CPU
		Release|x86 = Release|x86
	EndGlobalSection
	GlobalSection(ProjectConfigurationPlatforms) = postSolution
		{EB09F17E-F159-4467-A419-F9B787CE8759}.Debug|Any CPU.ActiveCfg = Debug|Any CPU
		{EB09F17E-F159-4467-A419-F9B787CE8759}.Debug|Any CPU.Build.0 = Debug|Any CPU
		{EB09F17E-F159-4467-A419-F9B787CE8759}.Debug|x86.ActiveCfg = Debug|Any CPU
		{EB09F17E-F159-4467-A419-F9B787CE8759}.Debug|x86.Build.0 = Debug|Any CPU
		{EB09F17E-F159-4467-A419-F9B787CE8759}.Release|Any CPU.ActiveCfg = Release|Any CPU
		{EB09F17E-F159-4467-A419-F9B787CE8759}.Release|Any CPU.Build.0 = Release|Any CPU
		{EB09F17E-F159-4467-A419-F9B787CE8759}.Release|x86.ActiveCfg = Release|Any CPU
		{EB09F17E-F159-4467-A419-F9B787CE8759}.Release|x86.Build.0 = Release|Any CPU
		{34065C06-A5B8-4AC7-B924-34563538CFED}.Debug|Any CPU.ActiveCfg = Debug|x86
		{34065C06-A5B8-4AC7-B924-34563538CFED}.Debug|x86.ActiveCfg = Debug|x86
		{34065C06-A5B8-4AC7-B924-34563538CFED}.Debug|x86.Build.0 = Debug|x86
		{34065C06-A5B8-4AC7-B924-34563538CFED}.Release|Any CPU.ActiveCfg = Release|x86
		{34065C06-A5B8-4AC7-B924-34563538CFED}.Release|x86.ActiveCfg = Release|x86
		{34065C06-A5B8-4AC7-B924-34563538CFED}.Release|x86.Build.0 = Release|x86
	EndGlobalSection
	GlobalSection(SolutionProperties) = preSolution
		HideSolutionNode = FALSE
	EndGlobalSection
EndGlobal
